
Microsoft Visual Studio Solution File, Format Version 12.00
# Visual Studio Express 2013 for Windows Desktop
VisualStudioVersion = 12.0.21005.1
MinimumVisualStudioVersion = 10.0.40219.1
Project("{FAE04EC0-301F-11D3-BF4B-00C04F79EFBC}") = "VoidArch", "VoidArch\VoidArch.csproj", "{2AF11C4D-708A-4A42-9036-A65595625E56}"
EndProject
Project("{FAE04EC0-301F-11D3-BF4B-00C04F79EFBC}") = "VoidTerminal", "VoidTerminal\VoidTerminal.csproj", "{7EE2D947-E1BC-4DB2-B791-AE18289D6009}"
EndProject
Global
	GlobalSection(SolutionConfigurationPlatforms) = preSolution
		Debug|Any CPU = Debug|Any CPU
		Release|Any CPU = Release|Any CPU
	EndGlobalSection
	GlobalSection(ProjectConfigurationPlatforms) = postSolution
		{2AF11C4D-708A-4A42-9036-A65595625E56}.Debug|Any CPU.ActiveCfg = Debug|Any CPU
		{2AF11C4D-708A-4A42-9036-A65595625E56}.Debug|Any CPU.Build.0 = Debug|Any CPU
		{2AF11C4D-708A-4A42-9036-A65595625E56}.Release|Any CPU.ActiveCfg = Release|Any CPU
		{2AF11C4D-708A-4A42-9036-A65595625E56}.Release|Any CPU.Build.0 = Release|Any CPU
		{7EE2D947-E1BC-4DB2-B791-AE18289D6009}.Debug|Any CPU.ActiveCfg = Debug|Any CPU
		{7EE2D947-E1BC-4DB2-B791-AE18289D6009}.Debug|Any CPU.Build.0 = Debug|Any CPU
		{7EE2D947-E1BC-4DB2-B791-AE18289D6009}.Release|Any CPU.ActiveCfg = Release|Any CPU
		{7EE2D947-E1BC-4DB2-B791-AE18289D6009}.Release|Any CPU.Build.0 = Release|Any CPU
	EndGlobalSection
	GlobalSection(SolutionProperties) = preSolution
		HideSolutionNode = FALSE
	EndGlobalSection
EndGlobal
